Microsoft Visual Studio Solution File, Format Version 12.00
# Visual Studio 15
VisualStudioVersion = 15.0.28010.2046
MinimumVisualStudioVersion = 10.0.40219.1
Project("{FAE04EC0-301F-11D3-BF4B-00C04F79EFBC}") = "AzureDevExTooling", "AzureDevExTooling.csproj", "{904E5D13-F745-4E36-B4D6-A17839B8D67B}"
EndProject
Global
	GlobalSection(SolutionConfigurationPlatforms) = preSolution
		Debug|Any CPU = Debug|Any CPU
		Release|Any CPU = Release|Any CPU
	EndGlobalSection
	GlobalSection(ProjectConfigurationPlatforms) = postSolution
		{904E5D13-F745-4E36-B4D6-A17839B8D67B}.Debug|Any CPU.ActiveCfg = Debug|Any CPU
		{904E5D13-F745-4E36-B4D6-A17839B8D67B}.Debug|Any CPU.Build.0 = Debug|Any CPU
		{904E5D13-F745-4E36-B4D6-A17839B8D67B}.Release|Any CPU.ActiveCfg = Release|Any CPU
		{904E5D13-F745-4E36-B4D6-A17839B8D67B}.Release|Any CPU.Build.0 = Release|Any CPU
	EndGlobalSection
	GlobalSection(SolutionProperties) = preSolution
		HideSolutionNode = FALSE
	EndGlobalSection
	GlobalSection(ExtensibilityGlobals) = postSolution
		SolutionGuid = {E364A1D3-8EA5-4325-8136-ADFC97EF0CCC}
	EndGlobalSection
EndGlobal